// !$*UTF8*$!
{
	archiveVersion = 1;
	classes = {
	};
	objectVersion = 56;
	objects = {

/* Begin PBXBuildFile section */
		5E58275C2BBB4FFD00DC2233 /* YouTubeApp.swift in Sources */ = {isa = PBXBuildFile; fileRef = 5E58275B2BBB4FFD00DC2233 /* YouTubeApp.swift */; };
		5E58275E2BBB4FFD00DC2233 /* ContentView.swift in Sources */ = {isa = PBXBuildFile; fileRef = 5E58275D2BBB4FFD00DC2233 /* ContentView.swift */; };
		5E5827602BBB4FFE00DC2233 /* Assets.xcassets in Resources */ = {isa = PBXBuildFile; fileRef = 5E58275F2BBB4FFE00DC2233 /* Assets.xcassets */; };
		5E5827632BBB4FFE00DC2233 /* Preview Assets.xcassets in Resources */ = {isa = PBXBuildFile; fileRef = 5E5827622BBB4FFE00DC2233 /* Preview Assets.xcassets */; };
		5E58276D2BBB4FFE00DC2233 /* YouTubeTests.swift in Sources */ = {isa = PBXBuildFile; fileRef = 5E58276C2BBB4FFE00DC2233 /* YouTubeTests.swift */; };
		5E5827772BBB4FFE00DC2233 /* YouTubeUITests.swift in Sources */ = {isa = PBXBuildFile; fileRef = 5E5827762BBB4FFE00DC2233 /* YouTubeUITests.swift */; };
		5E5827792BBB4FFE00DC2233 /* YouTubeUITestsLaunchTests.swift in Sources */ = {isa = PBXBuildFile; fileRef = 5E5827782BBB4FFE00DC2233 /* YouTubeUITestsLaunchTests.swift */; };
		5E5827862BBC34FA00DC2233 /* ButtonView.swift in Sources */ = {isa = PBXBuildFile; fileRef = 5E5827852BBC34FA00DC2233 /* ButtonView.swift */; };
		5E71C19C2BE7CA150032D479 /* ImageView.swift in Sources */ = {isa = PBXBuildFile; fileRef = 5E71C19B2BE7CA150032D479 /* ImageView.swift */; };
		5E7B80882BC352D2002F7DE9 /* ListView.swift in Sources */ = {isa = PBXBuildFile; fileRef = 5E7B80872BC352D2002F7DE9 /* ListView.swift */; };
		5EC6A0352BCC75790094EB5D /* PageOneView.swift in Sources */ = {isa = PBXBuildFile; fileRef = 5EC6A0342BCC75790094EB5D /* PageOneView.swift */; };
		5EC6A0372BCC75A80094EB5D /* PageTwoView.swift in Sources */ = {isa = PBXBuildFile; fileRef = 5EC6A0362BCC75A80094EB5D /* PageTwoView.swift */; };
		5EFC1B442BD5A2BD00857716 /* AlertView.swift in Sources */ = {isa = PBXBuildFile; fileRef = 5EFC1B432BD5A2BD00857716 /* AlertView.swift */; };
/* End PBXBuildFile section */

/* Begin PBXContainerItemProxy section */
		5E5827692BBB4FFE00DC2233 /* PBXContainerItemProxy */ = {
			isa = PBXContainerItemProxy;
			containerPortal = 5E5827502BBB4FFC00DC2233 /* Project object */;
			proxyType = 1;
			remoteGlobalIDString = 5E5827572BBB4FFD00DC2233;
			remoteInfo = YouTube;
		};
		5E5827732BBB4FFE00DC2233 /* PBXContainerItemProxy */ = {
			isa = PBXContainerItemProxy;
			containerPortal = 5E5827502BBB4FFC00DC2233 /* Project object */;
			proxyType = 1;
			remoteGlobalIDString = 5E5827572BBB4FFD00DC2233;
			remoteInfo = YouTube;
		};
/* End PBXContainerItemProxy section */

/* Begin PBXFileReference section */
		5E5827582BBB4FFD00DC2233 /* YouTube.app */ = {isa = PBXFileReference; explicitFileType = wrapper.application; includeInIndex = 0; path = YouTube.app; sourceTree = BUILT_PRODUCTS_DIR; };
		5E58275B2BBB4FFD00DC2233 /* YouTubeApp.swift */ = {isa = PBXFileReference; lastKnownFileType = sourcecode.swift; path = YouTubeApp.swift; sourceTree = "<group>"; };
		5E58275D2BBB4FFD00DC2233 /* ContentView.swift */ = {isa = PBXFileReference; lastKnownFileType = sourcecode.swift; path = ContentView.swift; sourceTree = "<group>"; };
		5E58275F2BBB4FFE00DC2233 /* Assets.xcassets */ = {isa = PBXFileReference; lastKnownFileType = folder.assetcatalog; path = Assets.xcassets; sourceTree = "<group>"; };
		5E5827622BBB4FFE00DC2233 /* Preview Assets.xcassets */ = {isa = PBXFileReference; lastKnownFileType = folder.assetcatalog; path = "Preview Assets.xcassets"; sourceTree = "<group>"; };
		5E5827682BBB4FFE00DC2233 /* YouTubeTests.xctest */ = {isa = PBXFileReference; explicitFileType = wrapper.cfbundle; includeInIndex = 0; path = YouTubeTests.xctest; sourceTree = BUILT_PRODUCTS_DIR; };
		5E58276C2BBB4FFE00DC2233 /* YouTubeTests.swift */ = {isa = PBXFileReference; lastKnownFileType = sourcecode.swift; path = YouTubeTests.swift; sourceTree = "<group>"; };
		5E5827722BBB4FFE00DC2233 /* YouTubeUITests.xctest */ = {isa = PBXFileReference; explicitFileType = wrapper.cfbundle; includeInIndex = 0; path = YouTubeUITests.xctest; sourceTree = BUILT_PRODUCTS_DIR; };
		5E5827762BBB4FFE00DC2233 /* YouTubeUITests.swift */ = {isa = PBXFileReference; lastKnownFileType = sourcecode.swift; path = YouTubeUITests.swift; sourceTree = "<group>"; };
		5E5827782BBB4FFE00DC2233 /* YouTubeUITestsLaunchTests.swift */ = {isa = PBXFileReference; lastKnownFileType = sourcecode.swift; path = YouTubeUITestsLaunchTests.swift; sourceTree = "<group>"; };
		5E5827852BBC34FA00DC2233 /* ButtonView.swift */ = {isa = PBXFileReference; lastKnownFileType = sourcecode.swift; path = ButtonView.swift; sourceTree = "<group>"; };
		5E71C19B2BE7CA150032D479 /* ImageView.swift */ = {isa = PBXFileReference; lastKnownFileType = sourcecode.swift; path = ImageView.swift; sourceTree = "<group>"; };
		5E7B80872BC352D2002F7DE9 /* ListView.swift */ = {isa = PBXFileReference; lastKnownFileType = sourcecode.swift; path = ListView.swift; sourceTree = "<group>"; };
		5EC6A0342BCC75790094EB5D /* PageOneView.swift */ = {isa = PBXFileReference; lastKnownFileType = sourcecode.swift; path = PageOneView.swift; sourceTree = "<group>"; };
		5EC6A0362BCC75A80094EB5D /* PageTwoView.swift */ = {isa = PBXFileReference; lastKnownFileType = sourcecode.swift; path = PageTwoView.swift; sourceTree = "<group>"; };
		5EFC1B432BD5A2BD00857716 /* AlertView.swift */ = {isa = PBXFileReference; lastKnownFileType = sourcecode.swift; path = AlertView.swift; sourceTree = "<group>"; };
/* End PBXFileReference section */

/* Begin PBXFrameworksBuildPhase section */
		5E5827552BBB4FFD00DC2233 /* Frameworks */ = {
			isa = PBXFrameworksBuildPhase;
			buildActionMask = 2147483647;
			files = (
			);
			runOnlyForDeploymentPostprocessing = 0;
		};
		5E5827652BBB4FFE00DC2233 /* Frameworks */ = {
			isa = PBXFrameworksBuildPhase;
			buildActionMask = 2147483647;
			files = (
			);
			runOnlyForDeploymentPostprocessing = 0;
		};
		5E58276F2BBB4FFE00DC2233 /* Frameworks */ = {
			isa = PBXFrameworksBuildPhase;
			buildActionMask = 2147483647;
			files = (
			);
			runOnlyForDeploymentPostprocessing = 0;
		};
/* End PBXFrameworksBuildPhase section */

/* Begin PBXGroup section */
		5E58274F2BBB4FFC00DC2233 = {
			isa = PBXGroup;
			children = (
				5E58275A2BBB4FFD00DC2233 /* YouTube */,
				5E58276B2BBB4FFE00DC2233 /* YouTubeTests */,
				5E5827752BBB4FFE00DC2233 /* YouTubeUITests */,
				5E5827592BBB4FFD00DC2233 /* Products */,
			);
			sourceTree = "<group>";
		};
		5E5827592BBB4FFD00DC2233 /* Products */ = {
			isa = PBXGroup;
			children = (
				5E5827582BBB4FFD00DC2233 /* YouTube.app */,
				5E5827682BBB4FFE00DC2233 /* YouTubeTests.xctest */,
				5E5827722BBB4FFE00DC2233 /* YouTubeUITests.xctest */,
			);
			name = Products;
			sourceTree = "<group>";
		};
		5E58275A2BBB4FFD00DC2233 /* YouTube */ = {
			isa = PBXGroup;
			children = (
				5E7B80872BC352D2002F7DE9 /* ListView.swift */,
				5E58275B2BBB4FFD00DC2233 /* YouTubeApp.swift */,
				5E58275D2BBB4FFD00DC2233 /* ContentView.swift */,
				5E58275F2BBB4FFE00DC2233 /* Assets.xcassets */,
				5E5827612BBB4FFE00DC2233 /* Preview Content */,
				5E5827852BBC34FA00DC2233 /* ButtonView.swift */,
				5EC6A0342BCC75790094EB5D /* PageOneView.swift */,
				5EC6A0362BCC75A80094EB5D /* PageTwoView.swift */,
				5EFC1B432BD5A2BD00857716 /* AlertView.swift */,
				5E71C19B2BE7CA150032D479 /* ImageView.swift */,
			);
			path = YouTube;
			sourceTree = "<group>";
		};
		5E5827612BBB4FFE00DC2233 /* Preview Content */ = {
			isa = PBXGroup;
			children = (
				5E5827622BBB4FFE00DC2233 /* Preview Assets.xcassets */,
			);
			path = "Preview Content";
			sourceTree = "<group>";
		};
		5E58276B2BBB4FFE00DC2233 /* YouTubeTests */ = {
			isa = PBXGroup;
			children = (
				5E58276C2BBB4FFE00DC2233 /* YouTubeTests.swift */,
			);
			path = YouTubeTests;
			sourceTree = "<group>";
		};
		5E5827752BBB4FFE00DC2233 /* YouTubeUITests */ = {
			isa = PBXGroup;
			children = (
				5E5827762BBB4FFE00DC2233 /* YouTubeUITests.swift */,
				5E5827782BBB4FFE00DC2233 /* YouTubeUITestsLaunchTests.swift */,
			);
			path = YouTubeUITests;
			sourceTree = "<group>";
		};
/* End PBXGroup section */

/* Begin PBXNativeTarget section */
		5E5827572BBB4FFD00DC2233 /* YouTube */ = {
			isa = PBXNativeTarget;
			buildConfigurationList = 5E58277C2BBB4FFE00DC2233 /* Build configuration list for PBXNativeTarget "YouTube" */;
			buildPhases = (
				5E5827542BBB4FFD00DC2233 /* Sources */,
				5E5827552BBB4FFD00DC2233 /* Frameworks */,
				5E5827562BBB4FFD00DC2233 /* Resources */,
			);
			buildRules = (
			);
			dependencies = (
			);
			name = YouTube;
			productName = YouTube;
			productReference = 5E5827582BBB4FFD00DC2233 /* YouTube.app */;
			productType = "com.apple.product-type.application";
		};
		5E5827672BBB4FFE00DC2233 /* YouTubeTests */ = {
			isa = PBXNativeTarget;
			buildConfigurationList = 5E58277F2BBB4FFE00DC2233 /* Build configuration list for PBXNativeTarget "YouTubeTests" */;
			buildPhases = (
				5E5827642BBB4FFE00DC2233 /* Sources */,
				5E5827652BBB4FFE00DC2233 /* Frameworks */,
				5E5827662BBB4FFE00DC2233 /* Resources */,
			);
			buildRules = (
			);
			dependencies = (
				5E58276A2BBB4FFE00DC2233 /* PBXTargetDependency */,
			);
			name = YouTubeTests;
			productName = YouTubeTests;
			productReference = 5E5827682BBB4FFE00DC2233 /* YouTubeTests.xctest */;
			productType = "com.apple.product-type.bundle.unit-test";
		};
		5E5827712BBB4FFE00DC2233 /* YouTubeUITests */ = {
			isa = PBXNativeTarget;
			buildConfigurationList = 5E5827822BBB4FFE00DC2233 /* Build configuration list for PBXNativeTarget "YouTubeUITests" */;
			buildPhases = (
				5E58276E2BBB4FFE00DC2233 /* Sources */,
				5E58276F2BBB4FFE00DC2233 /* Frameworks */,
				5E5827702BBB4FFE00DC2233 /* Resources */,
			);
			buildRules = (
			);
			dependencies = (
				5E5827742BBB4FFE00DC2233 /* PBXTargetDependency */,
			);
			name = YouTubeUITests;
			productName = YouTubeUITests;
			productReference = 5E5827722BBB4FFE00DC2233 /* YouTubeUITests.xctest */;
			productType = "com.apple.product-type.bundle.ui-testing";
		};
/* End PBXNativeTarget section */

/* Begin PBXProject section */
		5E5827502BBB4FFC00DC2233 /* Project object */ = {
			isa = PBXProject;
			attributes = {
				BuildIndependentTargetsInParallel = 1;
				LastSwiftUpdateCheck = 1530;
				LastUpgradeCheck = 1530;
				TargetAttributes = {
					5E5827572BBB4FFD00DC2233 = {
						CreatedOnToolsVersion = 15.3;
					};
					5E5827672BBB4FFE00DC2233 = {
						CreatedOnToolsVersion = 15.3;
						TestTargetID = 5E5827572BBB4FFD00DC2233;
					};
					5E5827712BBB4FFE00DC2233 = {
						CreatedOnToolsVersion = 15.3;
						TestTargetID = 5E5827572BBB4FFD00DC2233;
					};
				};
			};
			buildConfigurationList = 5E5827532BBB4FFC00DC2233 /* Build configuration list for PBXProject "YouTube" */;
			compatibilityVersion = "Xcode 14.0";
			developmentRegion = en;
			hasScannedForEncodings = 0;
			knownRegions = (
				en,
				Base,
			);
			mainGroup = 5E58274F2BBB4FFC00DC2233;
			productRefGroup = 5E5827592BBB4FFD00DC2233 /* Products */;
			projectDirPath = "";
			projectRoot = "";
			targets = (
				5E5827572BBB4FFD00DC2233 /* YouTube */,
				5E5827672BBB4FFE00DC2233 /* YouTubeTests */,
				5E5827712BBB4FFE00DC2233 /* YouTubeUITests */,
			);
		};
/* End PBXProject section */

/* Begin PBXResourcesBuildPhase section */
		5E5827562BBB4FFD00DC2233 /* Resources */ = {
			isa = PBXResourcesBuildPhase;
			buildActionMask = 2147483647;
			files = (
				5E5827632BBB4FFE00DC2233 /* Preview Assets.xcassets in Resources */,
				5E5827602BBB4FFE00DC2233 /* Assets.xcassets in Resources */,
			);
			runOnlyForDeploymentPostprocessing = 0;
		};
		5E5827662BBB4FFE00DC2233 /* Resources */ = {
			isa = PBXResourcesBuildPhase;
			buildActionMask = 2147483647;
			files = (
			);
			runOnlyForDeploymentPostprocessing = 0;
		};
		5E5827702BBB4FFE00DC2233 /* Resources */ = {
			isa = PBXResourcesBuildPhase;
			buildActionMask = 2147483647;
			files = (
			);
			runOnlyForDeploymentPostprocessing = 0;
		};
/* End PBXResourcesBuildPhase section */

/* Begin PBXSourcesBuildPhase section */
		5E5827542BBB4FFD00DC2233 /* Sources */ = {
			isa = PBXSourcesBuildPhase;
			buildActionMask = 2147483647;
			files = (
				5E71C19C2BE7CA150032D479 /* ImageView.swift in Sources */,
				5E7B80882BC352D2002F7DE9 /* ListView.swift in Sources */,
				5E58275E2BBB4FFD00DC2233 /* ContentView.swift in Sources */,
				5EFC1B442BD5A2BD00857716 /* AlertView.swift in Sources */,
				5E58275C2BBB4FFD00DC2233 /* YouTubeApp.swift in Sources */,
				5EC6A0352BCC75790094EB5D /* PageOneView.swift in Sources */,
				5EC6A0372BCC75A80094EB5D /* PageTwoView.swift in Sources */,
				5E5827862BBC34FA00DC2233 /* ButtonView.swift in Sources */,
			);
			runOnlyForDeploymentPostprocessing = 0;
		};
		5E5827642BBB4FFE00DC2233 /* Sources */ = {
			isa = PBXSourcesBuildPhase;
			buildActionMask = 2147483647;
			files = (
				5E58276D2BBB4FFE00DC2233 /* YouTubeTests.swift in Sources */,
			);
			runOnlyForDeploymentPostprocessing = 0;
		};
		5E58276E2BBB4FFE00DC2233 /* Sources */ = {
			isa = PBXSourcesBuildPhase;
			buildActionMask = 2147483647;
			files = (
				5E5827792BBB4FFE00DC2233 /* YouTubeUITestsLaunchTests.swift in Sources */,
				5E5827772BBB4FFE00DC2233 /* YouTubeUITests.swift in Sources */,
			);
			runOnlyForDeploymentPostprocessing = 0;
		};
/* End PBXSourcesBuildPhase section */

/* Begin PBXTargetDependency section */
		5E58276A2BBB4FFE00DC2233 /* PBXTargetDependency */ = {
			isa = PBXTargetDependency;
			target = 5E5827572BBB4FFD00DC2233 /* YouTube */;
			targetProxy = 5E5827692BBB4FFE00DC2233 /* PBXContainerItemProxy */;
		};
		5E5827742BBB4FFE00DC2233 /* PBXTargetDependency */ = {
			isa = PBXTargetDependency;
			target = 5E5827572BBB4FFD00DC2233 /* YouTube */;
			targetProxy = 5E5827732BBB4FFE00DC2233 /* PBXContainerItemProxy */;
		};
/* End PBXTargetDependency section */

/* Begin XCBuildConfiguration section */
		5E58277A2BBB4FFE00DC2233 /* Debug */ = {
			isa = XCBuildConfiguration;
			buildSettings = {
				ALWAYS_SEARCH_USER_PATHS = NO;
				ASSETCATALOG_COMPILER_GENERATE_SWIFT_ASSET_SYMBOL_EXTENSIONS = YES;
				CLANG_ANALYZER_NONNULL = YES;
				CLANG_ANALYZER_NUMBER_OBJECT_CONVERSION = YES_AGGRESSIVE;
				CLANG_CXX_LANGUAGE_STANDARD = "gnu++20";
				CLANG_ENABLE_MODULES = YES;
				CLANG_ENABLE_OBJC_ARC = YES;
				CLANG_ENABLE_OBJC_WEAK = YES;
				CLANG_WARN_BLOCK_CAPTURE_AUTORELEASING = YES;
				CLANG_WARN_BOOL_CONVERSION = YES;
				CLANG_WARN_COMMA = YES;
				CLANG_WARN_CONSTANT_CONVERSION = YES;
				CLANG_WARN_DEPRECATED_OBJC_IMPLEMENTATIONS = YES;
				CLANG_WARN_DIRECT_OBJC_ISA_USAGE = YES_ERROR;
				CLANG_WARN_DOCUMENTATION_COMMENTS = YES;
				CLANG_WARN_EMPTY_BODY = YES;
				CLANG_WARN_ENUM_CONVERSION = YES;
				CLANG_WARN_INFINITE_RECURSION = YES;
				CLANG_WARN_INT_CONVERSION = YES;
				CLANG_WARN_NON_LITERAL_NULL_CONVERSION = YES;
				CLANG_WARN_OBJC_IMPLICIT_RETAIN_SELF = YES;
				CLANG_WARN_OBJC_LITERAL_CONVERSION = YES;
				CLANG_WARN_OBJC_ROOT_CLASS = YES_ERROR;
				CLANG_WARN_QUOTED_INCLUDE_IN_FRAMEWORK_HEADER = YES;
				CLANG_WARN_RANGE_LOOP_ANALYSIS = YES;
				CLANG_WARN_STRICT_PROTOTYPES = YES;
				CLANG_WARN_SUSPICIOUS_MOVE = YES;
				CLANG_WARN_UNGUARDED_AVAILABILITY = YES_AGGRESSIVE;
				CLANG_WARN_UNREACHABLE_CODE = YES;
				CLANG_WARN__DUPLICATE_METHOD_MATCH = YES;
				COPY_PHASE_STRIP = NO;
				DEBUG_INFORMATION_FORMAT = dwarf;
				ENABLE_STRICT_OBJC_MSGSEND = YES;
				ENABLE_TESTABILITY = YES;
				ENABLE_USER_SCRIPT_SANDBOXING = YES;
				GCC_C_LANGUAGE_STANDARD = gnu17;
				GCC_DYNAMIC_NO_PIC = NO;
				GCC_NO_COMMON_BLOCKS = YES;
				GCC_OPTIMIZATION_LEVEL = 0;
				GCC_PREPROCESSOR_DEFINITIONS = (
					"DEBUG=1",
					"$(inherited)",
				);
				GCC_WARN_64_TO_32_BIT_CONVERSION = YES;
				GCC_WARN_ABOUT_RETURN_TYPE = YES_ERROR;
				GCC_WARN_UNDECLARED_SELECTOR = YES;
				GCC_WARN_UNINITIALIZED_AUTOS = YES_AGGRESSIVE;
				GCC_WARN_UNUSED_FUNCTION = YES;
				GCC_WARN_UNUSED_VARIABLE = YES;
				IPHONEOS_DEPLOYMENT_TARGET = 17.4;
				LOCALIZATION_PREFERS_STRING_CATALOGS = YES;
				MTL_ENABLE_DEBUG_INFO = INCLUDE_SOURCE;
				MTL_FAST_MATH = YES;
				ONLY_ACTIVE_ARCH = YES;
				SDKROOT = iphoneos;
				SWIFT_ACTIVE_COMPILATION_CONDITIONS = "DEBUG $(inherited)";
				SWIFT_OPTIMIZATION_LEVEL = "-Onone";
			};
			name = Debug;
		};
		5E58277B2BBB4FFE00DC2233 /* Release */ = {
			isa = XCBuildConfiguration;
			buildSettings = {
				ALWAYS_SEARCH_USER_PATHS = NO;
				ASSETCATALOG_COMPILER_GENERATE_SWIFT_ASSET_SYMBOL_EXTENSIONS = YES;
				CLANG_ANALYZER_NONNULL = YES;
				CLANG_ANALYZER_NUMBER_OBJECT_CONVERSION = YES_AGGRESSIVE;
				CLANG_CXX_LANGUAGE_STANDARD = "gnu++20";
				CLANG_ENABLE_MODULES = YES;
				CLANG_ENABLE_OBJC_ARC = YES;
				CLANG_ENABLE_OBJC_WEAK = YES;
				CLANG_WARN_BLOCK_CAPTURE_AUTORELEASING = YES;
				CLANG_WARN_BOOL_CONVERSION = YES;
				CLANG_WARN_COMMA = YES;
				CLANG_WARN_CONSTANT_CONVERSION = YES;
				CLANG_WARN_DEPRECATED_OBJC_IMPLEMENTATIONS = YES;
				CLANG_WARN_DIRECT_OBJC_ISA_USAGE = YES_ERROR;
				CLANG_WARN_DOCUMENTATION_COMMENTS = YES;
				CLANG_WARN_EMPTY_BODY = YES;
				CLANG_WARN_ENUM_CONVERSION = YES;
				CLANG_WARN_INFINITE_RECURSION = YES;
				CLANG_WARN_INT_CONVERSION = YES;
				CLANG_WARN_NON_LITERAL_NULL_CONVERSION = YES;
				CLANG_WARN_OBJC_IMPLICIT_RETAIN_SELF = YES;
				CLANG_WARN_OBJC_LITERAL_CONVERSION = YES;
				CLANG_WARN_OBJC_ROOT_CLASS = YES_ERROR;
				CLANG_WARN_QUOTED_INCLUDE_IN_FRAMEWORK_HEADER = YES;
				CLANG_WARN_RANGE_LOOP_ANALYSIS = YES;
				CLANG_WARN_STRICT_PROTOTYPES = YES;
				CLANG_WARN_SUSPICIOUS_MOVE = YES;
				CLANG_WARN_UNGUARDED_AVAILABILITY = YES_AGGRESSIVE;
				CLANG_WARN_UNREACHABLE_CODE = YES;
				CLANG_WARN__DUPLICATE_METHOD_MATCH = YES;
				COPY_PHASE_STRIP = NO;
				DEBUG_INFORMATION_FORMAT = "dwarf-with-dsym";
				ENABLE_NS_ASSERTIONS = NO;
				ENABLE_STRICT_OBJC_MSGSEND = YES;
				ENABLE_USER_SCRIPT_SANDBOXING = YES;
				GCC_C_LANGUAGE_STANDARD = gnu17;
				GCC_NO_COMMON_BLOCKS = YES;
				GCC_WARN_64_TO_32_BIT_CONVERSION = YES;
				GCC_WARN_ABOUT_RETURN_TYPE = YES_ERROR;
				GCC_WARN_UNDECLARED_SELECTOR = YES;
				GCC_WARN_UNINITIALIZED_AUTOS = YES_AGGRESSIVE;
				GCC_WARN_UNUSED_FUNCTION = YES;
				GCC_WARN_UNUSED_VARIABLE = YES;
				IPHONEOS_DEPLOYMENT_TARGET = 17.4;
				LOCALIZATION_PREFERS_STRING_CATALOGS = YES;
				MTL_ENABLE_DEBUG_INFO = NO;
				MTL_FAST_MATH = YES;
				SDKROOT = iphoneos;
				SWIFT_COMPILATION_MODE = wholemodule;
				VALIDATE_PRODUCT = YES;
			};
			name = Release;
		};
		5E58277D2BBB4FFE00DC2233 /* Debug */ = {
			isa = XCBuildConfiguration;
			buildSettings = {
				ASSETCATALOG_COMPILER_APPICON_NAME = AppIcon;
				ASSETCATALOG_COMPILER_GLOBAL_ACCENT_COLOR_NAME = AccentColor;
				CODE_SIGN_STYLE = Automatic;
				CURRENT_PROJECT_VERSION = 1;
				DEVELOPMENT_ASSET_PATHS = "\"YouTube/Preview Content\"";
				DEVELOPMENT_TEAM = 2P2FZFB6GJ;
				ENABLE_PREVIEWS = YES;
				GENERATE_INFOPLIST_FILE = YES;
				INFOPLIST_KEY_UIApplicationSceneManifest_Generation = YES;
				INFOPLIST_KEY_UIApplicationSupportsIndirectInputEvents = YES;
				INFOPLIST_KEY_UILaunchScreen_Generation = YES;
				INFOPLIST_KEY_UISupportedInterfaceOrientations_iPad = "UIInterfaceOrientationPortrait UIInterfaceOrientationPortraitUpsideDown UIInterfaceOrientationLandscapeLeft UIInterfaceOrientationLandscapeRight";
				INFOPLIST_KEY_UISupportedInterfaceOrientations_iPhone = "UIInterfaceOrientationPortrait UIInterfaceOrientationLandscapeLeft UIInterfaceOrientationLandscapeRight";
				IPHONEOS_DEPLOYMENT_TARGET = 17.0;
				LD_RUNPATH_SEARCH_PATHS = (
					"$(inherited)",
					"@executable_path/Frameworks",
				);
				MARKETING_VERSION = 1.0;
				PRODUCT_BUNDLE_IDENTIFIER = com.andre.youtube.YouTube;
				PRODUCT_NAME = "$(TARGET_NAME)";
				SWIFT_EMIT_LOC_STRINGS = YES;
				SWIFT_VERSION = 5.0;
				TARGETED_DEVICE_FAMILY = "1,2";
			};
			name = Debug;
		};
		5E58277E2BBB4FFE00DC2233 /* Release */ = {
			isa = XCBuildConfiguration;
			buildSettings = {
				ASSETCATALOG_COMPILER_APPICON_NAME = AppIcon;
				ASSETCATALOG_COMPILER_GLOBAL_ACCENT_COLOR_NAME = AccentColor;
				CODE_SIGN_STYLE = Automatic;
				CURRENT_PROJECT_VERSION = 1;
				DEVELOPMENT_ASSET_PATHS = "\"YouTube/Preview Content\"";
				DEVELOPMENT_TEAM = 2P2FZFB6GJ;
				ENABLE_PREVIEWS = YES;
				GENERATE_INFOPLIST_FILE = YES;
				INFOPLIST_KEY_UIApplicationSceneManifest_Generation = YES;
				INFOPLIST_KEY_UIApplicationSupportsIndirectInputEvents = YES;
				INFOPLIST_KEY_UILaunchScreen_Generation = YES;
				INFOPLIST_KEY_UISupportedInterfaceOrientations_iPad = "UIInterfaceOrientationPortrait UIInterfaceOrientationPortraitUpsideDown UIInterfaceOrientationLandscapeLeft UIInterfaceOrientationLandscapeRight";
				INFOPLIST_KEY_UISupportedInterfaceOrientations_iPhone = "UIInterfaceOrientationPortrait UIInterfaceOrientationLandscapeLeft UIInterfaceOrientationLandscapeRight";
				IPHONEOS_DEPLOYMENT_TARGET = 17.0;
				LD_RUNPATH_SEARCH_PATHS = (
					"$(inherited)",
					"@executable_path/Frameworks",
				);
				MARKETING_VERSION = 1.0;
				PRODUCT_BUNDLE_IDENTIFIER = com.andre.youtube.YouTube;
				PRODUCT_NAME = "$(TARGET_NAME)";
				SWIFT_EMIT_LOC_STRINGS = YES;
				SWIFT_VERSION = 5.0;
				TARGETED_DEVICE_FAMILY = "1,2";
			};
			name = Release;
		};
		5E5827802BBB4FFE00DC2233 /* Debug */ = {
			isa = XCBuildConfiguration;
			buildSettings = {
				ALWAYS_EMBED_SWIFT_STANDARD_LIBRARIES = YES;
				BUNDLE_LOADER = "$(TEST_HOST)";
				CODE_SIGN_STYLE = Automatic;
				CURRENT_PROJECT_VERSION = 1;
				DEVELOPMENT_TEAM = 2P2FZFB6GJ;
				GENERATE_INFOPLIST_FILE = YES;
				IPHONEOS_DEPLOYMENT_TARGET = 17.4;
				MARKETING_VERSION = 1.0;
				PRODUCT_BUNDLE_IDENTIFIER = com.andre.youtube.YouTubeTests;
				PRODUCT_NAME = "$(TARGET_NAME)";
				SWIFT_EMIT_LOC_STRINGS = NO;
				SWIFT_VERSION = 5.0;
				TARGETED_DEVICE_FAMILY = "1,2";
				TEST_HOST = "$(BUILT_PRODUCTS_DIR)/YouTube.app/$(BUNDLE_EXECUTABLE_FOLDER_PATH)/YouTube";
			};
			name = Debug;
		};
		5E5827812BBB4FFE00DC2233 /* Release */ = {
			isa = XCBuildConfiguration;
			buildSettings = {
				ALWAYS_EMBED_SWIFT_STANDARD_LIBRARIES = YES;
				BUNDLE_LOADER = "$(TEST_HOST)";
				CODE_SIGN_STYLE = Automatic;
				CURRENT_PROJECT_VERSION = 1;
				DEVELOPMENT_TEAM = 2P2FZFB6GJ;
				GENERATE_INFOPLIST_FILE = YES;
				IPHONEOS_DEPLOYMENT_TARGET = 17.4;
				MARKETING_VERSION = 1.0;
				PRODUCT_BUNDLE_IDENTIFIER = com.andre.youtube.YouTubeTests;
				PRODUCT_NAME = "$(TARGET_NAME)";
				SWIFT_EMIT_LOC_STRINGS = NO;
				SWIFT_VERSION = 5.0;
				TARGETED_DEVICE_FAMILY = "1,2";
				TEST_HOST = "$(BUILT_PRODUCTS_DIR)/YouTube.app/$(BUNDLE_EXECUTABLE_FOLDER_PATH)/YouTube";
			};
			name = Release;
		};
		5E5827832BBB4FFE00DC2233 /* Debug */ = {
			isa = XCBuildConfiguration;
			buildSettings = {
				ALWAYS_EMBED_SWIFT_STANDARD_LIBRARIES = YES;
				CODE_SIGN_STYLE = Automatic;
				CURRENT_PROJECT_VERSION = 1;
				DEVELOPMENT_TEAM = 2P2FZFB6GJ;
				GENERATE_INFOPLIST_FILE = YES;
				MARKETING_VERSION = 1.0;
				PRODUCT_BUNDLE_IDENTIFIER = com.andre.youtube.YouTubeUITests;
				PRODUCT_NAME = "$(TARGET_NAME)";
				SWIFT_EMIT_LOC_STRINGS = NO;
				SWIFT_VERSION = 5.0;
				TARGETED_DEVICE_FAMILY = "1,2";
				TEST_TARGET_NAME = YouTube;
			};
			name = Debug;
		};
		5E5827842BBB4FFE00DC2233 /* Release */ = {
			isa = XCBuildConfiguration;
			buildSettings = {
				ALWAYS_EMBED_SWIFT_STANDARD_LIBRARIES = YES;
				CODE_SIGN_STYLE = Automatic;
				CURRENT_PROJECT_VERSION = 1;
				DEVELOPMENT_TEAM = 2P2FZFB6GJ;
				GENERATE_INFOPLIST_FILE = YES;
				MARKETING_VERSION = 1.0;
				PRODUCT_BUNDLE_IDENTIFIER = com.andre.youtube.YouTubeUITests;
				PRODUCT_NAME = "$(TARGET_NAME)";
				SWIFT_EMIT_LOC_STRINGS = NO;
				SWIFT_VERSION = 5.0;
				TARGETED_DEVICE_FAMILY = "1,2";
				TEST_TARGET_NAME = YouTube;
			};
			name = Release;
		};
/* End XCBuildConfiguration section */

/* Begin XCConfigurationList section */
		5E5827532BBB4FFC00DC2233 /* Build configuration list for PBXProject "YouTube" */ = {
			isa = XCConfigurationList;
			buildConfigurations = (
				5E58277A2BBB4FFE00DC2233 /* Debug */,
				5E58277B2BBB4FFE00DC2233 /* Release */,
			);
			defaultConfigurationIsVisible = 0;
			defaultConfigurationName = Release;
		};
		5E58277C2BBB4FFE00DC2233 /* Build configuration list for PBXNativeTarget "YouTube" */ = {
			isa = XCConfigurationList;
			buildConfigurations = (
				5E58277D2BBB4FFE00DC2233 /* Debug */,
				5E58277E2BBB4FFE00DC2233 /* Release */,
			);
			defaultConfigurationIsVisible = 0;
			defaultConfigurationName = Release;
		};
		5E58277F2BBB4FFE00DC2233 /* Build configuration list for PBXNativeTarget "YouTubeTests" */ = {
			isa = XCConfigurationList;
			buildConfigurations = (
				5E5827802BBB4FFE00DC2233 /* Debug */,
				5E5827812BBB4FFE00DC2233 /* Release */,
			);
			defaultConfigurationIsVisible = 0;
			defaultConfigurationName = Release;
		};
		5E5827822BBB4FFE00DC2233 /* Build configuration list for PBXNativeTarget "YouTubeUITests" */ = {
			isa = XCConfigurationList;
			buildConfigurations = (
				5E5827832BBB4FFE00DC2233 /* Debug */,
				5E5827842BBB4FFE00DC2233 /* Release */,
			);
			defaultConfigurationIsVisible = 0;
			defaultConfigurationName = Release;
		};
/* End XCConfigurationList section */
	};
	rootObject = 5E5827502BBB4FFC00DC2233 /* Project object */;
}
